// !$*UTF8*$!
{
	archiveVersion = 1;
	classes = {
	};
	objectVersion = 50;
	objects = {

/* Begin PBXBuildFile section */
		7A98243026BC19CB006FE6B7 /* SocketSDK.framework in Frameworks */ = {isa = PBXBuildFile; fileRef = 7A98242626BC19CA006FE6B7 /* SocketSDK.framework */; };
		7A98243526BC19CB006FE6B7 /* SocketSDKTests.m in Sources */ = {isa = PBXBuildFile; fileRef = 7A98243426BC19CB006FE6B7 /* SocketSDKTests.m */; };
		7A98243726BC19CB006FE6B7 /* SocketSDK.h in Headers */ = {isa = PBXBuildFile; fileRef = 7A98242926BC19CA006FE6B7 /* SocketSDK.h */; settings = {ATTRIBUTES = (Public, ); }; };
		7A98244226BC1A76006FE6B7 /* SocketManager.m in Sources */ = {isa = PBXBuildFile; fileRef = 7A98244026BC1A76006FE6B7 /* SocketManager.m */; };
		7A98244326BC1A76006FE6B7 /* SocketManager.h in Headers */ = {isa = PBXBuildFile; fileRef = 7A98244126BC1A76006FE6B7 /* SocketManager.h */; };
		7A98244926BC1AC2006FE6B7 /* GCDAsyncUdpSocket.m in Sources */ = {isa = PBXBuildFile; fileRef = 7A98244526BC1AC2006FE6B7 /* GCDAsyncUdpSocket.m */; };
		7A98244A26BC1AC2006FE6B7 /* GCDAsyncSocket.m in Sources */ = {isa = PBXBuildFile; fileRef = 7A98244626BC1AC2006FE6B7 /* GCDAsyncSocket.m */; };
		7A98244B26BC1AC2006FE6B7 /* GCDAsyncUdpSocket.h in Headers */ = {isa = PBXBuildFile; fileRef = 7A98244726BC1AC2006FE6B7 /* GCDAsyncUdpSocket.h */; };
		7A98244C26BC1AC2006FE6B7 /* GCDAsyncSocket.h in Headers */ = {isa = PBXBuildFile; fileRef = 7A98244826BC1AC2006FE6B7 /* GCDAsyncSocket.h */; };
/* End PBXBuildFile section */

/* Begin PBXContainerItemProxy section */
		7A98243126BC19CB006FE6B7 /* PBXContainerItemProxy */ = {
			isa = PBXContainerItemProxy;
			containerPortal = 7A98241D26BC19CA006FE6B7 /* Project object */;
			proxyType = 1;
			remoteGlobalIDString = 7A98242526BC19CA006FE6B7;
			remoteInfo = SocketSDK;
		};
/* End PBXContainerItemProxy section */

/* Begin PBXFileReference section */
		7A98242626BC19CA006FE6B7 /* SocketSDK.framework */ = {isa = PBXFileReference; explicitFileType = wrapper.framework; includeInIndex = 0; path = SocketSDK.framework; sourceTree = BUILT_PRODUCTS_DIR; };
		7A98242926BC19CA006FE6B7 /* SocketSDK.h */ = {isa = PBXFileReference; lastKnownFileType = sourcecode.c.h; path = SocketSDK.h; sourceTree = "<group>"; };
		7A98242A26BC19CA006FE6B7 /* Info.plist */ = {isa = PBXFileReference; lastKnownFileType = text.plist.xml; path = Info.plist; sourceTree = "<group>"; };
		7A98242F26BC19CB006FE6B7 /* SocketSDKTests.xctest */ = {isa = PBXFileReference; explicitFileType = wrapper.cfbundle; includeInIndex = 0; path = SocketSDKTests.xctest; sourceTree = BUILT_PRODUCTS_DIR; };
		7A98243426BC19CB006FE6B7 /* SocketSDKTests.m */ = {isa = PBXFileReference; lastKnownFileType = sourcecode.c.objc; path = SocketSDKTests.m; sourceTree = "<group>"; };
		7A98243626BC19CB006FE6B7 /* Info.plist */ = {isa = PBXFileReference; lastKnownFileType = text.plist.xml; path = Info.plist; sourceTree = "<group>"; };
		7A98244026BC1A76006FE6B7 /* SocketManager.m */ = {isa = PBXFileReference; fileEncoding = 4; lastKnownFileType = sourcecode.c.objc; path = SocketManager.m; sourceTree = "<group>"; };
		7A98244126BC1A76006FE6B7 /* SocketManager.h */ = {isa = PBXFileReference; fileEncoding = 4; lastKnownFileType = sourcecode.c.h; path = SocketManager.h; sourceTree = "<group>"; };
		7A98244526BC1AC2006FE6B7 /* GCDAsyncUdpSocket.m */ = {isa = PBXFileReference; fileEncoding = 4; lastKnownFileType = sourcecode.c.objc; path = GCDAsyncUdpSocket.m; sourceTree = "<group>"; };
		7A98244626BC1AC2006FE6B7 /* GCDAsyncSocket.m */ = {isa = PBXFileReference; fileEncoding = 4; lastKnownFileType = sourcecode.c.objc; path = GCDAsyncSocket.m; sourceTree = "<group>"; };
		7A98244726BC1AC2006FE6B7 /* GCDAsyncUdpSocket.h */ = {isa = PBXFileReference; fileEncoding = 4; lastKnownFileType = sourcecode.c.h; path = GCDAsyncUdpSocket.h; sourceTree = "<group>"; };
		7A98244826BC1AC2006FE6B7 /* GCDAsyncSocket.h */ = {isa = PBXFileReference; fileEncoding = 4; lastKnownFileType = sourcecode.c.h; path = GCDAsyncSocket.h; sourceTree = "<group>"; };
/* End PBXFileReference section */

/* Begin PBXFrameworksBuildPhase section */
		7A98242326BC19CA006FE6B7 /* Frameworks */ = {
			isa = PBXFrameworksBuildPhase;
			buildActionMask = 2147483647;
			files = (
			);
			runOnlyForDeploymentPostprocessing = 0;
		};
		7A98242C26BC19CB006FE6B7 /* Frameworks */ = {
			isa = PBXFrameworksBuildPhase;
			buildActionMask = 2147483647;
			files = (
				7A98243026BC19CB006FE6B7 /* SocketSDK.framework in Frameworks */,
			);
			runOnlyForDeploymentPostprocessing = 0;
		};
/* End PBXFrameworksBuildPhase section */

/* Begin PBXGroup section */
		7A98241C26BC19CA006FE6B7 = {
			isa = PBXGroup;
			children = (
				7A98242826BC19CA006FE6B7 /* SocketSDK */,
				7A98243326BC19CB006FE6B7 /* SocketSDKTests */,
				7A98242726BC19CA006FE6B7 /* Products */,
			);
			sourceTree = "<group>";
		};
		7A98242726BC19CA006FE6B7 /* Products */ = {
			isa = PBXGroup;
			children = (
				7A98242626BC19CA006FE6B7 /* SocketSDK.framework */,
				7A98242F26BC19CB006FE6B7 /* SocketSDKTests.xctest */,
			);
			name = Products;
			sourceTree = "<group>";
		};
		7A98242826BC19CA006FE6B7 /* SocketSDK */ = {
			isa = PBXGroup;
			children = (
				7A98242926BC19CA006FE6B7 /* SocketSDK.h */,
				7A98244126BC1A76006FE6B7 /* SocketManager.h */,
				7A98244026BC1A76006FE6B7 /* SocketManager.m */,
				7A98244426BC1AC2006FE6B7 /* GCD */,
				7A98242A26BC19CA006FE6B7 /* Info.plist */,
			);
			path = SocketSDK;
			sourceTree = "<group>";
		};
		7A98243326BC19CB006FE6B7 /* SocketSDKTests */ = {
			isa = PBXGroup;
			children = (
				7A98243426BC19CB006FE6B7 /* SocketSDKTests.m */,
				7A98243626BC19CB006FE6B7 /* Info.plist */,
			);
			path = SocketSDKTests;
			sourceTree = "<group>";
		};
		7A98244426BC1AC2006FE6B7 /* GCD */ = {
			isa = PBXGroup;
			children = (
				7A98244726BC1AC2006FE6B7 /* GCDAsyncUdpSocket.h */,
				7A98244526BC1AC2006FE6B7 /* GCDAsyncUdpSocket.m */,
				7A98244826BC1AC2006FE6B7 /* GCDAsyncSocket.h */,
				7A98244626BC1AC2006FE6B7 /* GCDAsyncSocket.m */,
			);
			path = GCD;
			sourceTree = "<group>";
		};
/* End PBXGroup section */

/* Begin PBXHeadersBuildPhase section */
		7A98242126BC19CA006FE6B7 /* Headers */ = {
			isa = PBXHeadersBuildPhase;
			buildActionMask = 2147483647;
			files = (
				7A98243726BC19CB006FE6B7 /* SocketSDK.h in Headers */,
				7A98244B26BC1AC2006FE6B7 /* GCDAsyncUdpSocket.h in Headers */,
				7A98244326BC1A76006FE6B7 /* SocketManager.h in Headers */,
				7A98244C26BC1AC2006FE6B7 /* GCDAsyncSocket.h in Headers */,
			);
			runOnlyForDeploymentPostprocessing = 0;
		};
/* End PBXHeadersBuildPhase section */

/* Begin PBXNativeTarget section */
		7A98242526BC19CA006FE6B7 /* SocketSDK */ = {
			isa = PBXNativeTarget;
			buildConfigurationList = 7A98243A26BC19CB006FE6B7 /* Build configuration list for PBXNativeTarget "SocketSDK" */;
			buildPhases = (
				7A98242126BC19CA006FE6B7 /* Headers */,
				7A98242226BC19CA006FE6B7 /* Sources */,
				7A98242326BC19CA006FE6B7 /* Frameworks */,
				7A98242426BC19CA006FE6B7 /* Resources */,
			);
			buildRules = (
			);
			dependencies = (
			);
			name = SocketSDK;
			productName = SocketSDK;
			productReference = 7A98242626BC19CA006FE6B7 /* SocketSDK.framework */;
			productType = "com.apple.product-type.framework";
		};
		7A98242E26BC19CB006FE6B7 /* SocketSDKTests */ = {
			isa = PBXNativeTarget;
			buildConfigurationList = 7A98243D26BC19CB006FE6B7 /* Build configuration list for PBXNativeTarget "SocketSDKTests" */;
			buildPhases = (
				7A98242B26BC19CB006FE6B7 /* Sources */,
				7A98242C26BC19CB006FE6B7 /* Frameworks */,
				7A98242D26BC19CB006FE6B7 /* Resources */,
			);
			buildRules = (
			);
			dependencies = (
				7A98243226BC19CB006FE6B7 /* PBXTargetDependency */,
			);
			name = SocketSDKTests;
			productName = SocketSDKTests;
			productReference = 7A98242F26BC19CB006FE6B7 /* SocketSDKTests.xctest */;
			productType = "com.apple.product-type.bundle.unit-test";
		};
/* End PBXNativeTarget section */

/* Begin PBXProject section */
		7A98241D26BC19CA006FE6B7 /* Project object */ = {
			isa = PBXProject;
			attributes = {
				LastUpgradeCheck = 1250;
				TargetAttributes = {
					7A98242526BC19CA006FE6B7 = {
						CreatedOnToolsVersion = 12.5.1;
					};
					7A98242E26BC19CB006FE6B7 = {
						CreatedOnToolsVersion = 12.5.1;
					};
				};
			};
			buildConfigurationList = 7A98242026BC19CA006FE6B7 /* Build configuration list for PBXProject "SocketSDK" */;
			compatibilityVersion = "Xcode 9.3";
			developmentRegion = en;
			hasScannedForEncodings = 0;
			knownRegions = (
				en,
				Base,
			);
			mainGroup = 7A98241C26BC19CA006FE6B7;
			productRefGroup = 7A98242726BC19CA006FE6B7 /* Products */;
			projectDirPath = "";
			projectRoot = "";
			targets = (
				7A98242526BC19CA006FE6B7 /* SocketSDK */,
				7A98242E26BC19CB006FE6B7 /* SocketSDKTests */,
			);
		};
/* End PBXProject section */

/* Begin PBXResourcesBuildPhase section */
		7A98242426BC19CA006FE6B7 /* Resources */ = {
			isa = PBXResourcesBuildPhase;
			buildActionMask = 2147483647;
			files = (
			);
			runOnlyForDeploymentPostprocessing = 0;
		};
		7A98242D26BC19CB006FE6B7 /* Resources */ = {
			isa = PBXResourcesBuildPhase;
			buildActionMask = 2147483647;
			files = (
			);
			runOnlyForDeploymentPostprocessing = 0;
		};
/* End PBXResourcesBuildPhase section */

/* Begin PBXSourcesBuildPhase section */
		7A98242226BC19CA006FE6B7 /* Sources */ = {
			isa = PBXSourcesBuildPhase;
			buildActionMask = 2147483647;
			files = (
				7A98244A26BC1AC2006FE6B7 /* GCDAsyncSocket.m in Sources */,
				7A98244926BC1AC2006FE6B7 /* GCDAsyncUdpSocket.m in Sources */,
				7A98244226BC1A76006FE6B7 /* SocketManager.m in Sources */,
			);
			runOnlyForDeploymentPostprocessing = 0;
		};
		7A98242B26BC19CB006FE6B7 /* Sources */ = {
			isa = PBXSourcesBuildPhase;
			buildActionMask = 2147483647;
			files = (
				7A98243526BC19CB006FE6B7 /* SocketSDKTests.m in Sources */,
			);
			runOnlyForDeploymentPostprocessing = 0;
		};
/* End PBXSourcesBuildPhase section */

/* Begin PBXTargetDependency section */
		7A98243226BC19CB006FE6B7 /* PBXTargetDependency */ = {
			isa = PBXTargetDependency;
			target = 7A98242526BC19CA006FE6B7 /* SocketSDK */;
			targetProxy = 7A98243126BC19CB006FE6B7 /* PBXContainerItemProxy */;
		};
/* End PBXTargetDependency section */

/* Begin XCBuildConfiguration section */
		7A98243826BC19CB006FE6B7 /* Debug */ = {
			isa = XCBuildConfiguration;
			buildSettings = {
				ALWAYS_SEARCH_USER_PATHS = NO;
				CLANG_ANALYZER_NONNULL = YES;
				CLANG_ANALYZER_NUMBER_OBJECT_CONVERSION = YES_AGGRESSIVE;
				CLANG_CXX_LANGUAGE_STANDARD = "gnu++14";
				CLANG_CXX_LIBRARY = "libc++";
				CLANG_ENABLE_MODULES = YES;
				CLANG_ENABLE_OBJC_ARC = YES;
				CLANG_ENABLE_OBJC_WEAK = YES;
				CLANG_WARN_BLOCK_CAPTURE_AUTORELEASING = YES;
				CLANG_WARN_BOOL_CONVERSION = YES;
				CLANG_WARN_COMMA = YES;
				CLANG_WARN_CONSTANT_CONVERSION = YES;
				CLANG_WARN_DEPRECATED_OBJC_IMPLEMENTATIONS = YES;
				CLANG_WARN_DIRECT_OBJC_ISA_USAGE = YES_ERROR;
				CLANG_WARN_DOCUMENTATION_COMMENTS = YES;
				CLANG_WARN_EMPTY_BODY = YES;
				CLANG_WARN_ENUM_CONVERSION = YES;
				CLANG_WARN_INFINITE_RECURSION = YES;
				CLANG_WARN_INT_CONVERSION = YES;
				CLANG_WARN_NON_LITERAL_NULL_CONVERSION = YES;
				CLANG_WARN_OBJC_IMPLICIT_RETAIN_SELF = YES;
				CLANG_WARN_OBJC_LITERAL_CONVERSION = YES;
				CLANG_WARN_OBJC_ROOT_CLASS = YES_ERROR;
				CLANG_WARN_QUOTED_INCLUDE_IN_FRAMEWORK_HEADER = YES;
				CLANG_WARN_RANGE_LOOP_ANALYSIS = YES;
				CLANG_WARN_STRICT_PROTOTYPES = YES;
				CLANG_WARN_SUSPICIOUS_MOVE = YES;
				CLANG_WARN_UNGUARDED_AVAILABILITY = YES_AGGRESSIVE;
				CLANG_WARN_UNREACHABLE_CODE = YES;
				CLANG_WARN__DUPLICATE_METHOD_MATCH = YES;
				COPY_PHASE_STRIP = NO;
				CURRENT_PROJECT_VERSION = 1;
				DEBUG_INFORMATION_FORMAT = dwarf;
				ENABLE_STRICT_OBJC_MSGSEND = YES;
				ENABLE_TESTABILITY = YES;
				GCC_C_LANGUAGE_STANDARD = gnu11;
				GCC_DYNAMIC_NO_PIC = NO;
				GCC_NO_COMMON_BLOCKS = YES;
				GCC_OPTIMIZATION_LEVEL = 0;
				GCC_PREPROCESSOR_DEFINITIONS = (
					"DEBUG=1",
					"$(inherited)",
				);
				GCC_WARN_64_TO_32_BIT_CONVERSION = YES;
				GCC_WARN_ABOUT_RETURN_TYPE = YES_ERROR;
				GCC_WARN_UNDECLARED_SELECTOR = YES;
				GCC_WARN_UNINITIALIZED_AUTOS = YES_AGGRESSIVE;
				GCC_WARN_UNUSED_FUNCTION = YES;
				GCC_WARN_UNUSED_VARIABLE = YES;
				IPHONEOS_DEPLOYMENT_TARGET = 14.5;
				MTL_ENABLE_DEBUG_INFO = INCLUDE_SOURCE;
				MTL_FAST_MATH = YES;
				ONLY_ACTIVE_ARCH = YES;
				SDKROOT = iphoneos;
				VERSIONING_SYSTEM = "apple-generic";
				VERSION_INFO_PREFIX = "";
			};
			name = Debug;
		};
		7A98243926BC19CB006FE6B7 /* Release */ = {
			isa = XCBuildConfiguration;
			buildSettings = {
				ALWAYS_SEARCH_USER_PATHS = NO;
				CLANG_ANALYZER_NONNULL = YES;
				CLANG_ANALYZER_NUMBER_OBJECT_CONVERSION = YES_AGGRESSIVE;
				CLANG_CXX_LANGUAGE_STANDARD = "gnu++14";
				CLANG_CXX_LIBRARY = "libc++";
				CLANG_ENABLE_MODULES = YES;
				CLANG_ENABLE_OBJC_ARC = YES;
				CLANG_ENABLE_OBJC_WEAK = YES;
				CLANG_WARN_BLOCK_CAPTURE_AUTORELEASING = YES;
				CLANG_WARN_BOOL_CONVERSION = YES;
				CLANG_WARN_COMMA = YES;
				CLANG_WARN_CONSTANT_CONVERSION = YES;
				CLANG_WARN_DEPRECATED_OBJC_IMPLEMENTATIONS = YES;
				CLANG_WARN_DIRECT_OBJC_ISA_USAGE = YES_ERROR;
				CLANG_WARN_DOCUMENTATION_COMMENTS = YES;
				CLANG_WARN_EMPTY_BODY = YES;
				CLANG_WARN_ENUM_CONVERSION = YES;
				CLANG_WARN_INFINITE_RECURSION = YES;
				CLANG_WARN_INT_CONVERSION = YES;
				CLANG_WARN_NON_LITERAL_NULL_CONVERSION = YES;
				CLANG_WARN_OBJC_IMPLICIT_RETAIN_SELF = YES;
				CLANG_WARN_OBJC_LITERAL_CONVERSION = YES;
				CLANG_WARN_OBJC_ROOT_CLASS = YES_ERROR;
				CLANG_WARN_QUOTED_INCLUDE_IN_FRAMEWORK_HEADER = YES;
				CLANG_WARN_RANGE_LOOP_ANALYSIS = YES;
				CLANG_WARN_STRICT_PROTOTYPES = YES;
				CLANG_WARN_SUSPICIOUS_MOVE = YES;
				CLANG_WARN_UNGUARDED_AVAILABILITY = YES_AGGRESSIVE;
				CLANG_WARN_UNREACHABLE_CODE = YES;
				CLANG_WARN__DUPLICATE_METHOD_MATCH = YES;
				COPY_PHASE_STRIP = NO;
				CURRENT_PROJECT_VERSION = 1;
				DEBUG_INFORMATION_FORMAT = "dwarf-with-dsym";
				ENABLE_NS_ASSERTIONS = NO;
				ENABLE_STRICT_OBJC_MSGSEND = YES;
				GCC_C_LANGUAGE_STANDARD = gnu11;
				GCC_NO_COMMON_BLOCKS = YES;
				GCC_WARN_64_TO_32_BIT_CONVERSION = YES;
				GCC_WARN_ABOUT_RETURN_TYPE = YES_ERROR;
				GCC_WARN_UNDECLARED_SELECTOR = YES;
				GCC_WARN_UNINITIALIZED_AUTOS = YES_AGGRESSIVE;
				GCC_WARN_UNUSED_FUNCTION = YES;
				GCC_WARN_UNUSED_VARIABLE = YES;
				IPHONEOS_DEPLOYMENT_TARGET = 14.5;
				MTL_ENABLE_DEBUG_INFO = NO;
				MTL_FAST_MATH = YES;
				SDKROOT = iphoneos;
				VALIDATE_PRODUCT = YES;
				VERSIONING_SYSTEM = "apple-generic";
				VERSION_INFO_PREFIX = "";
			};
			name = Release;
		};
		7A98243B26BC19CB006FE6B7 /* Debug */ = {
			isa = XCBuildConfiguration;
			buildSettings = {
				CODE_SIGN_STYLE = Automatic;
				DEFINES_MODULE = YES;
				DEVELOPMENT_TEAM = 72R92ZFFLQ;
				DYLIB_COMPATIBILITY_VERSION = 1;
				DYLIB_CURRENT_VERSION = 1;
				DYLIB_INSTALL_NAME_BASE = "@rpath";
				INFOPLIST_FILE = SocketSDK/Info.plist;
				INSTALL_PATH = "$(LOCAL_LIBRARY_DIR)/Frameworks";
				LD_RUNPATH_SEARCH_PATHS = (
					"$(inherited)",
					"@executable_path/Frameworks",
					"@loader_path/Frameworks",
				);
				PRODUCT_BUNDLE_IDENTIFIER = com.haoke.SocketSDK;
				PRODUCT_NAME = "$(TARGET_NAME:c99extidentifier)";
				SKIP_INSTALL = YES;
				TARGETED_DEVICE_FAMILY = "1,2";
			};
			name = Debug;
		};
		7A98243C26BC19CB006FE6B7 /* Release */ = {
			isa = XCBuildConfiguration;
			buildSettings = {
				CODE_SIGN_STYLE = Automatic;
				DEFINES_MODULE = YES;
				DEVELOPMENT_TEAM = 72R92ZFFLQ;
				DYLIB_COMPATIBILITY_VERSION = 1;
				DYLIB_CURRENT_VERSION = 1;
				DYLIB_INSTALL_NAME_BASE = "@rpath";
				INFOPLIST_FILE = SocketSDK/Info.plist;
				INSTALL_PATH = "$(LOCAL_LIBRARY_DIR)/Frameworks";
				LD_RUNPATH_SEARCH_PATHS = (
					"$(inherited)",
					"@executable_path/Frameworks",
					"@loader_path/Frameworks",
				);
				PRODUCT_BUNDLE_IDENTIFIER = com.haoke.SocketSDK;
				PRODUCT_NAME = "$(TARGET_NAME:c99extidentifier)";
				SKIP_INSTALL = YES;
				TARGETED_DEVICE_FAMILY = "1,2";
			};
			name = Release;
		};
		7A98243E26BC19CB006FE6B7 /* Debug */ = {
			isa = XCBuildConfiguration;
			buildSettings = {
				CODE_SIGN_STYLE = Automatic;
				DEVELOPMENT_TEAM = 72R92ZFFLQ;
				INFOPLIST_FILE = SocketSDKTests/Info.plist;
				LD_RUNPATH_SEARCH_PATHS = (
					"$(inherited)",
					"@executable_path/Frameworks",
					"@loader_path/Frameworks",
				);
				PRODUCT_BUNDLE_IDENTIFIER = com.haoke.SocketSDKTests;
				PRODUCT_NAME = "$(TARGET_NAME)";
				TARGETED_DEVICE_FAMILY = "1,2";
			};
			name = Debug;
		};
		7A98243F26BC19CB006FE6B7 /* Release */ = {
			isa = XCBuildConfiguration;
			buildSettings = {
				CODE_SIGN_STYLE = Automatic;
				DEVELOPMENT_TEAM = 72R92ZFFLQ;
				INFOPLIST_FILE = SocketSDKTests/Info.plist;
				LD_RUNPATH_SEARCH_PATHS = (
					"$(inherited)",
					"@executable_path/Frameworks",
					"@loader_path/Frameworks",
				);
				PRODUCT_BUNDLE_IDENTIFIER = com.haoke.SocketSDKTests;
				PRODUCT_NAME = "$(TARGET_NAME)";
				TARGETED_DEVICE_FAMILY = "1,2";
			};
			name = Release;
		};
/* End XCBuildConfiguration section */

/* Begin XCConfigurationList section */
		7A98242026BC19CA006FE6B7 /* Build configuration list for PBXProject "SocketSDK" */ = {
			isa = XCConfigurationList;
			buildConfigurations = (
				7A98243826BC19CB006FE6B7 /* Debug */,
				7A98243926BC19CB006FE6B7 /* Release */,
			);
			defaultConfigurationIsVisible = 0;
			defaultConfigurationName = Release;
		};
		7A98243A26BC19CB006FE6B7 /* Build configuration list for PBXNativeTarget "SocketSDK" */ = {
			isa = XCConfigurationList;
			buildConfigurations = (
				7A98243B26BC19CB006FE6B7 /* Debug */,
				7A98243C26BC19CB006FE6B7 /* Release */,
			);
			defaultConfigurationIsVisible = 0;
			defaultConfigurationName = Release;
		};
		7A98243D26BC19CB006FE6B7 /* Build configuration list for PBXNativeTarget "SocketSDKTests" */ = {
			isa = XCConfigurationList;
			buildConfigurations = (
				7A98243E26BC19CB006FE6B7 /* Debug */,
				7A98243F26BC19CB006FE6B7 /* Release */,
			);
			defaultConfigurationIsVisible = 0;
			defaultConfigurationName = Release;
		};
/* End XCConfigurationList section */
	};
	rootObject = 7A98241D26BC19CA006FE6B7 /* Project object */;
}
